// !$*UTF8*$!
{
	archiveVersion = 1;
	classes = {
	};
	objectVersion = 46;
	objects = {

/* Begin PBXBuildFile section */
		416A90A51A342C3300087D36 /* ASIAuthenticationDialog.m in Sources */ = {isa = PBXBuildFile; fileRef = 416A90511A342C3300087D36 /* ASIAuthenticationDialog.m */; settings = {COMPILER_FLAGS = "-fno-objc-arc"; }; };
		416A90A61A342C3300087D36 /* ASIDataCompressor.m in Sources */ = {isa = PBXBuildFile; fileRef = 416A90541A342C3300087D36 /* ASIDataCompressor.m */; settings = {COMPILER_FLAGS = "-fno-objc-arc"; }; };
		416A90A71A342C3300087D36 /* ASIDataDecompressor.m in Sources */ = {isa = PBXBuildFile; fileRef = 416A90561A342C3300087D36 /* ASIDataDecompressor.m */; settings = {COMPILER_FLAGS = "-fno-objc-arc"; }; };
		416A90A81A342C3300087D36 /* ASIDownloadCache.m in Sources */ = {isa = PBXBuildFile; fileRef = 416A90581A342C3300087D36 /* ASIDownloadCache.m */; settings = {COMPILER_FLAGS = "-fno-objc-arc"; }; };
		416A90A91A342C3300087D36 /* ASIFormDataRequest.m in Sources */ = {isa = PBXBuildFile; fileRef = 416A905A1A342C3300087D36 /* ASIFormDataRequest.m */; settings = {COMPILER_FLAGS = "-fno-objc-arc"; }; };
		416A90AA1A342C3300087D36 /* ASIHTTPRequest.m in Sources */ = {isa = PBXBuildFile; fileRef = 416A905C1A342C3300087D36 /* ASIHTTPRequest.m */; settings = {COMPILER_FLAGS = "-fno-objc-arc"; }; };
		416A90AB1A342C3300087D36 /* ASIInputStream.m in Sources */ = {isa = PBXBuildFile; fileRef = 416A90601A342C3300087D36 /* ASIInputStream.m */; settings = {COMPILER_FLAGS = "-fno-objc-arc"; }; };
		416A90AC1A342C3300087D36 /* ASINetworkQueue.m in Sources */ = {isa = PBXBuildFile; fileRef = 416A90621A342C3300087D36 /* ASINetworkQueue.m */; settings = {COMPILER_FLAGS = "-fno-objc-arc"; }; };
		416A90CA1A342C3300087D36 /* Reachability.m in Sources */ = {isa = PBXBuildFile; fileRef = 416A90A41A342C3300087D36 /* Reachability.m */; settings = {COMPILER_FLAGS = "-fno-objc-arc"; }; };
		416A90D91A34315400087D36 /* ASIFormDataRequest.h in CopyFiles */ = {isa = PBXBuildFile; fileRef = 416A90591A342C3300087D36 /* ASIFormDataRequest.h */; };
		416A90DA1A34315400087D36 /* ASIHTTPRequest.h in CopyFiles */ = {isa = PBXBuildFile; fileRef = 416A905B1A342C3300087D36 /* ASIHTTPRequest.h */; };
		416A90E01A34315400087D36 /* Reachability.h in CopyFiles */ = {isa = PBXBuildFile; fileRef = 416A90A31A342C3300087D36 /* Reachability.h */; };
		416A90E11A34326E00087D36 /* ASIAuthenticationDialog.h in CopyFiles */ = {isa = PBXBuildFile; fileRef = 416A90501A342C3300087D36 /* ASIAuthenticationDialog.h */; };
		416A90E21A34326E00087D36 /* ASICacheDelegate.h in CopyFiles */ = {isa = PBXBuildFile; fileRef = 416A90521A342C3300087D36 /* ASICacheDelegate.h */; };
		416A90E31A34326E00087D36 /* ASIDataCompressor.h in CopyFiles */ = {isa = PBXBuildFile; fileRef = 416A90531A342C3300087D36 /* ASIDataCompressor.h */; };
		416A90E41A34326E00087D36 /* ASIDataDecompressor.h in CopyFiles */ = {isa = PBXBuildFile; fileRef = 416A90551A342C3300087D36 /* ASIDataDecompressor.h */; };
		416A90E51A34326E00087D36 /* ASIDownloadCache.h in CopyFiles */ = {isa = PBXBuildFile; fileRef = 416A90571A342C3300087D36 /* ASIDownloadCache.h */; };
		416A90E61A34326E00087D36 /* ASIHTTPRequestConfig.h in CopyFiles */ = {isa = PBXBuildFile; fileRef = 416A905D1A342C3300087D36 /* ASIHTTPRequestConfig.h */; };
		416A90E71A34326E00087D36 /* ASIHTTPRequestDelegate.h in CopyFiles */ = {isa = PBXBuildFile; fileRef = 416A905E1A342C3300087D36 /* ASIHTTPRequestDelegate.h */; };
		416A90E81A34326E00087D36 /* ASIInputStream.h in CopyFiles */ = {isa = PBXBuildFile; fileRef = 416A905F1A342C3300087D36 /* ASIInputStream.h */; };
		416A90E91A34326E00087D36 /* ASINetworkQueue.h in CopyFiles */ = {isa = PBXBuildFile; fileRef = 416A90611A342C3300087D36 /* ASINetworkQueue.h */; };
		416A90EA1A34326E00087D36 /* ASIProgressDelegate.h in CopyFiles */ = {isa = PBXBuildFile; fileRef = 416A90631A342C3300087D36 /* ASIProgressDelegate.h */; };
/* End PBXBuildFile section */

/* Begin PBXCopyFilesBuildPhase section */
		416A90331A342BED00087D36 /* CopyFiles */ = {
			isa = PBXCopyFilesBuildPhase;
			buildActionMask = 2147483647;
			dstPath = "include/$(PRODUCT_NAME)";
			dstSubfolderSpec = 16;
			files = (
				416A90E11A34326E00087D36 /* ASIAuthenticationDialog.h in CopyFiles */,
				416A90E21A34326E00087D36 /* ASICacheDelegate.h in CopyFiles */,
				416A90E31A34326E00087D36 /* ASIDataCompressor.h in CopyFiles */,
				416A90E41A34326E00087D36 /* ASIDataDecompressor.h in CopyFiles */,
				416A90E51A34326E00087D36 /* ASIDownloadCache.h in CopyFiles */,
				416A90E61A34326E00087D36 /* ASIHTTPRequestConfig.h in CopyFiles */,
				416A90E71A34326E00087D36 /* ASIHTTPRequestDelegate.h in CopyFiles */,
				416A90E81A34326E00087D36 /* ASIInputStream.h in CopyFiles */,
				416A90E91A34326E00087D36 /* ASINetworkQueue.h in CopyFiles */,
				416A90EA1A34326E00087D36 /* ASIProgressDelegate.h in CopyFiles */,
				416A90D91A34315400087D36 /* ASIFormDataRequest.h in CopyFiles */,
				416A90DA1A34315400087D36 /* ASIHTTPRequest.h in CopyFiles */,
				416A90E01A34315400087D36 /* Reachability.h in CopyFiles */,
			);
			runOnlyForDeploymentPostprocessing = 0;
		};
/* End PBXCopyFilesBuildPhase section */

/* Begin PBXFileReference section */
		416A90351A342BED00087D36 /* libASIHttpRequest.a */ = {isa = PBXFileReference; explicitFileType = archive.ar; includeInIndex = 0; path = libASIHttpRequest.a; sourceTree = BUILT_PRODUCTS_DIR; };
		416A90501A342C3300087D36 /* ASIAuthenticationDialog.h */ = {isa = PBXFileReference; fileEncoding = 4; lastKnownFileType = sourcecode.c.h; path = ASIAuthenticationDialog.h; sourceTree = "<group>"; };
		416A90511A342C3300087D36 /* ASIAuthenticationDialog.m */ = {isa = PBXFileReference; fileEncoding = 4; lastKnownFileType = sourcecode.c.objc; path = ASIAuthenticationDialog.m; sourceTree = "<group>"; };
		416A90521A342C3300087D36 /* ASICacheDelegate.h */ = {isa = PBXFileReference; fileEncoding = 4; lastKnownFileType = sourcecode.c.h; path = ASICacheDelegate.h; sourceTree = "<group>"; };
		416A90531A342C3300087D36 /* ASIDataCompressor.h */ = {isa = PBXFileReference; fileEncoding = 4; lastKnownFileType = sourcecode.c.h; path = ASIDataCompressor.h; sourceTree = "<group>"; };
		416A90541A342C3300087D36 /* ASIDataCompressor.m */ = {isa = PBXFileReference; fileEncoding = 4; lastKnownFileType = sourcecode.c.objc; path = ASIDataCompressor.m; sourceTree = "<group>"; };
		416A90551A342C3300087D36 /* ASIDataDecompressor.h */ = {isa = PBXFileReference; fileEncoding = 4; lastKnownFileType = sourcecode.c.h; path = ASIDataDecompressor.h; sourceTree = "<group>"; };
		416A90561A342C3300087D36 /* ASIDataDecompressor.m */ = {isa = PBXFileReference; fileEncoding = 4; lastKnownFileType = sourcecode.c.objc; path = ASIDataDecompressor.m; sourceTree = "<group>"; };
		416A90571A342C3300087D36 /* ASIDownloadCache.h */ = {isa = PBXFileReference; fileEncoding = 4; lastKnownFileType = sourcecode.c.h; path = ASIDownloadCache.h; sourceTree = "<group>"; };
		416A90581A342C3300087D36 /* ASIDownloadCache.m */ = {isa = PBXFileReference; fileEncoding = 4; lastKnownFileType = sourcecode.c.objc; path = ASIDownloadCache.m; sourceTree = "<group>"; };
		416A90591A342C3300087D36 /* ASIFormDataRequest.h */ = {isa = PBXFileReference; fileEncoding = 4; lastKnownFileType = sourcecode.c.h; path = ASIFormDataRequest.h; sourceTree = "<group>"; };
		416A905A1A342C3300087D36 /* ASIFormDataRequest.m */ = {isa = PBXFileReference; fileEncoding = 4; lastKnownFileType = sourcecode.c.objc; path = ASIFormDataRequest.m; sourceTree = "<group>"; };
		416A905B1A342C3300087D36 /* ASIHTTPRequest.h */ = {isa = PBXFileReference; fileEncoding = 4; lastKnownFileType = sourcecode.c.h; path = ASIHTTPRequest.h; sourceTree = "<group>"; };
		416A905C1A342C3300087D36 /* ASIHTTPRequest.m */ = {isa = PBXFileReference; fileEncoding = 4; lastKnownFileType = sourcecode.c.objc; path = ASIHTTPRequest.m; sourceTree = "<group>"; };
		416A905D1A342C3300087D36 /* ASIHTTPRequestConfig.h */ = {isa = PBXFileReference; fileEncoding = 4; lastKnownFileType = sourcecode.c.h; path = ASIHTTPRequestConfig.h; sourceTree = "<group>"; };
		416A905E1A342C3300087D36 /* ASIHTTPRequestDelegate.h */ = {isa = PBXFileReference; fileEncoding = 4; lastKnownFileType = sourcecode.c.h; path = ASIHTTPRequestDelegate.h; sourceTree = "<group>"; };
		416A905F1A342C3300087D36 /* ASIInputStream.h */ = {isa = PBXFileReference; fileEncoding = 4; lastKnownFileType = sourcecode.c.h; path = ASIInputStream.h; sourceTree = "<group>"; };
		416A90601A342C3300087D36 /* ASIInputStream.m */ = {isa = PBXFileReference; fileEncoding = 4; lastKnownFileType = sourcecode.c.objc; path = ASIInputStream.m; sourceTree = "<group>"; };
		416A90611A342C3300087D36 /* ASINetworkQueue.h */ = {isa = PBXFileReference; fileEncoding = 4; lastKnownFileType = sourcecode.c.h; path = ASINetworkQueue.h; sourceTree = "<group>"; };
		416A90621A342C3300087D36 /* ASINetworkQueue.m */ = {isa = PBXFileReference; fileEncoding = 4; lastKnownFileType = sourcecode.c.objc; path = ASINetworkQueue.m; sourceTree = "<group>"; };
		416A90631A342C3300087D36 /* ASIProgressDelegate.h */ = {isa = PBXFileReference; fileEncoding = 4; lastKnownFileType = sourcecode.c.h; path = ASIProgressDelegate.h; sourceTree = "<group>"; };
		416A90A31A342C3300087D36 /* Reachability.h */ = {isa = PBXFileReference; fileEncoding = 4; lastKnownFileType = sourcecode.c.h; path = Reachability.h; sourceTree = "<group>"; };
		416A90A41A342C3300087D36 /* Reachability.m */ = {isa = PBXFileReference; fileEncoding = 4; lastKnownFileType = sourcecode.c.objc; path = Reachability.m; sourceTree = "<group>"; };
/* End PBXFileReference section */

/* Begin PBXFrameworksBuildPhase section */
		416A90321A342BED00087D36 /* Frameworks */ = {
			isa = PBXFrameworksBuildPhase;
			buildActionMask = 2147483647;
			files = (
			);
			runOnlyForDeploymentPostprocessing = 0;
		};
/* End PBXFrameworksBuildPhase section */

/* Begin PBXGroup section */
		416A902C1A342BED00087D36 = {
			isa = PBXGroup;
			children = (
				416A90371A342BED00087D36 /* ASIHttpRequest */,
				416A90361A342BED00087D36 /* Products */,
			);
			sourceTree = "<group>";
		};
		416A90361A342BED00087D36 /* Products */ = {
			isa = PBXGroup;
			children = (
				416A90351A342BED00087D36 /* libASIHttpRequest.a */,
			);
			name = Products;
			sourceTree = "<group>";
		};
		416A90371A342BED00087D36 /* ASIHttpRequest */ = {
			isa = PBXGroup;
			children = (
				416A904F1A342C3300087D36 /* Classes */,
				416A90A21A342C3300087D36 /* Reachability */,
			);
			path = ASIHttpRequest;
			sourceTree = "<group>";
		};
		416A904F1A342C3300087D36 /* Classes */ = {
			isa = PBXGroup;
			children = (
				416A90501A342C3300087D36 /* ASIAuthenticationDialog.h */,
				416A90511A342C3300087D36 /* ASIAuthenticationDialog.m */,
				416A90521A342C3300087D36 /* ASICacheDelegate.h */,
				416A90531A342C3300087D36 /* ASIDataCompressor.h */,
				416A90541A342C3300087D36 /* ASIDataCompressor.m */,
				416A90551A342C3300087D36 /* ASIDataDecompressor.h */,
				416A90561A342C3300087D36 /* ASIDataDecompressor.m */,
				416A90571A342C3300087D36 /* ASIDownloadCache.h */,
				416A90581A342C3300087D36 /* ASIDownloadCache.m */,
				416A90591A342C3300087D36 /* ASIFormDataRequest.h */,
				416A905A1A342C3300087D36 /* ASIFormDataRequest.m */,
				416A905B1A342C3300087D36 /* ASIHTTPRequest.h */,
				416A905C1A342C3300087D36 /* ASIHTTPRequest.m */,
				416A905D1A342C3300087D36 /* ASIHTTPRequestConfig.h */,
				416A905E1A342C3300087D36 /* ASIHTTPRequestDelegate.h */,
				416A905F1A342C3300087D36 /* ASIInputStream.h */,
				416A90601A342C3300087D36 /* ASIInputStream.m */,
				416A90611A342C3300087D36 /* ASINetworkQueue.h */,
				416A90621A342C3300087D36 /* ASINetworkQueue.m */,
				416A90631A342C3300087D36 /* ASIProgressDelegate.h */,
			);
			path = Classes;
			sourceTree = "<group>";
		};
		416A90A21A342C3300087D36 /* Reachability */ = {
			isa = PBXGroup;
			children = (
				416A90A31A342C3300087D36 /* Reachability.h */,
				416A90A41A342C3300087D36 /* Reachability.m */,
			);
			path = Reachability;
			sourceTree = "<group>";
		};
/* End PBXGroup section */

/* Begin PBXNativeTarget section */
		416A90341A342BED00087D36 /* ASIHttpRequest */ = {
			isa = PBXNativeTarget;
			buildConfigurationList = 416A90491A342BED00087D36 /* Build configuration list for PBXNativeTarget "ASIHttpRequest" */;
			buildPhases = (
				416A90311A342BED00087D36 /* Sources */,
				416A90321A342BED00087D36 /* Frameworks */,
				416A90331A342BED00087D36 /* CopyFiles */,
			);
			buildRules = (
			);
			dependencies = (
			);
			name = ASIHttpRequest;
			productName = ASIHttpRequest;
			productReference = 416A90351A342BED00087D36 /* libASIHttpRequest.a */;
			productType = "com.apple.product-type.library.static";
		};
/* End PBXNativeTarget section */

/* Begin PBXProject section */
		416A902D1A342BED00087D36 /* Project object */ = {
			isa = PBXProject;
			attributes = {
				LastUpgradeCheck = 0700;
				ORGANIZATIONNAME = zhangyang;
				TargetAttributes = {
					416A90341A342BED00087D36 = {
						CreatedOnToolsVersion = 6.1;
					};
				};
			};
			buildConfigurationList = 416A90301A342BED00087D36 /* Build configuration list for PBXProject "ASIHttpRequest" */;
			compatibilityVersion = "Xcode 3.2";
			developmentRegion = English;
			hasScannedForEncodings = 0;
			knownRegions = (
				en,
			);
			mainGroup = 416A902C1A342BED00087D36;
			productRefGroup = 416A90361A342BED00087D36 /* Products */;
			projectDirPath = "";
			projectRoot = "";
			targets = (
				416A90341A342BED00087D36 /* ASIHttpRequest */,
			);
		};
/* End PBXProject section */

/* Begin PBXSourcesBuildPhase section */
		416A90311A342BED00087D36 /* Sources */ = {
			isa = PBXSourcesBuildPhase;
			buildActionMask = 2147483647;
			files = (
				416A90CA1A342C3300087D36 /* Reachability.m in Sources */,
				416A90AC1A342C3300087D36 /* ASINetworkQueue.m in Sources */,
				416A90A91A342C3300087D36 /* ASIFormDataRequest.m in Sources */,
				416A90A61A342C3300087D36 /* ASIDataCompressor.m in Sources */,
				416A90A51A342C3300087D36 /* ASIAuthenticationDialog.m in Sources */,
				416A90A81A342C3300087D36 /* ASIDownloadCache.m in Sources */,
				416A90A71A342C3300087D36 /* ASIDataDecompressor.m in Sources */,
				416A90AA1A342C3300087D36 /* ASIHTTPRequest.m in Sources */,
				416A90AB1A342C3300087D36 /* ASIInputStream.m in Sources */,
			);
			runOnlyForDeploymentPostprocessing = 0;
		};
/* End PBXSourcesBuildPhase section */

/* Begin XCBuildConfiguration section */
		416A90471A342BED00087D36 /* Debug */ = {
			isa = XCBuildConfiguration;
			buildSettings = {
				ALWAYS_SEARCH_USER_PATHS = NO;
				CLANG_CXX_LANGUAGE_STANDARD = "gnu++0x";
				CLANG_CXX_LIBRARY = "libc++";
				CLANG_ENABLE_MODULES = YES;
				CLANG_ENABLE_OBJC_ARC = YES;
				CLANG_WARN_BOOL_CONVERSION = YES;
				CLANG_WARN_CONSTANT_CONVERSION = YES;
				CLANG_WARN_DIRECT_OBJC_ISA_USAGE = YES_ERROR;
				CLANG_WARN_EMPTY_BODY = YES;
				CLANG_WARN_ENUM_CONVERSION = YES;
				CLANG_WARN_INT_CONVERSION = YES;
				CLANG_WARN_OBJC_ROOT_CLASS = YES_ERROR;
				CLANG_WARN_UNREACHABLE_CODE = YES;
				CLANG_WARN__DUPLICATE_METHOD_MATCH = YES;
				COPY_PHASE_STRIP = NO;
				ENABLE_STRICT_OBJC_MSGSEND = YES;
				ENABLE_TESTABILITY = YES;
				GCC_C_LANGUAGE_STANDARD = gnu99;
				GCC_DYNAMIC_NO_PIC = NO;
				GCC_OPTIMIZATION_LEVEL = 0;
				GCC_PREPROCESSOR_DEFINITIONS = (
					"DEBUG=1",
					"$(inherited)",
				);
				GCC_SYMBOLS_PRIVATE_EXTERN = NO;
				GCC_WARN_64_TO_32_BIT_CONVERSION = YES;
				GCC_WARN_ABOUT_RETURN_TYPE = YES_ERROR;
				GCC_WARN_UNDECLARED_SELECTOR = YES;
				GCC_WARN_UNINITIALIZED_AUTOS = YES_AGGRESSIVE;
				GCC_WARN_UNUSED_FUNCTION = YES;
				GCC_WARN_UNUSED_VARIABLE = YES;
				IPHONEOS_DEPLOYMENT_TARGET = 8.2;
				MTL_ENABLE_DEBUG_INFO = YES;
				ONLY_ACTIVE_ARCH = YES;
				SDKROOT = iphoneos;
			};
			name = Debug;
		};
		416A90481A342BED00087D36 /* Release */ = {
			isa = XCBuildConfiguration;
			buildSettings = {
				ALWAYS_SEARCH_USER_PATHS = NO;
				CLANG_CXX_LANGUAGE_STANDARD = "gnu++0x";
				CLANG_CXX_LIBRARY = "libc++";
				CLANG_ENABLE_MODULES = YES;
				CLANG_ENABLE_OBJC_ARC = YES;
				CLANG_WARN_BOOL_CONVERSION = YES;
				CLANG_WARN_CONSTANT_CONVERSION = YES;
				CLANG_WARN_DIRECT_OBJC_ISA_USAGE = YES_ERROR;
				CLANG_WARN_EMPTY_BODY = YES;
				CLANG_WARN_ENUM_CONVERSION = YES;
				CLANG_WARN_INT_CONVERSION = YES;
				CLANG_WARN_OBJC_ROOT_CLASS = YES_ERROR;
				CLANG_WARN_UNREACHABLE_CODE = YES;
				CLANG_WARN__DUPLICATE_METHOD_MATCH = YES;
				COPY_PHASE_STRIP = YES;
				ENABLE_NS_ASSERTIONS = NO;
				ENABLE_STRICT_OBJC_MSGSEND = YES;
				GCC_C_LANGUAGE_STANDARD = gnu99;
				GCC_WARN_64_TO_32_BIT_CONVERSION = YES;
				GCC_WARN_ABOUT_RETURN_TYPE = YES_ERROR;
				GCC_WARN_UNDECLARED_SELECTOR = YES;
				GCC_WARN_UNINITIALIZED_AUTOS = YES_AGGRESSIVE;
				GCC_WARN_UNUSED_FUNCTION = YES;
				GCC_WARN_UNUSED_VARIABLE = YES;
				IPHONEOS_DEPLOYMENT_TARGET = 8.2;
				MTL_ENABLE_DEBUG_INFO = NO;
				SDKROOT = iphoneos;
				VALIDATE_PRODUCT = YES;
			};
			name = Release;
		};
		416A904A1A342BED00087D36 /* Debug */ = {
			isa = XCBuildConfiguration;
			buildSettings = {
				OTHER_LDFLAGS = "-ObjC";
				PRODUCT_NAME = "$(TARGET_NAME)";
				SKIP_INSTALL = YES;
				VALID_ARCHS = "armv7s arm64 armv7";
			};
			name = Debug;
		};
		416A904B1A342BED00087D36 /* Release */ = {
			isa = XCBuildConfiguration;
			buildSettings = {
				OTHER_LDFLAGS = "-ObjC";
				PRODUCT_NAME = "$(TARGET_NAME)";
				SKIP_INSTALL = YES;
				VALID_ARCHS = "armv7s arm64 armv7";
			};
			name = Release;
		};
		FB5A3AD31B5BDAD9006C03E4 /* Distribution */ = {
			isa = XCBuildConfiguration;
			buildSettings = {
				ALWAYS_SEARCH_USER_PATHS = NO;
				CLANG_CXX_LANGUAGE_STANDARD = "gnu++0x";
				CLANG_CXX_LIBRARY = "libc++";
				CLANG_ENABLE_MODULES = YES;
				CLANG_ENABLE_OBJC_ARC = YES;
				CLANG_WARN_BOOL_CONVERSION = YES;
				CLANG_WARN_CONSTANT_CONVERSION = YES;
				CLANG_WARN_DIRECT_OBJC_ISA_USAGE = YES_ERROR;
				CLANG_WARN_EMPTY_BODY = YES;
				CLANG_WARN_ENUM_CONVERSION = YES;
				CLANG_WARN_INT_CONVERSION = YES;
				CLANG_WARN_OBJC_ROOT_CLASS = YES_ERROR;
				CLANG_WARN_UNREACHABLE_CODE = YES;
				CLANG_WARN__DUPLICATE_METHOD_MATCH = YES;
				COPY_PHASE_STRIP = YES;
				ENABLE_NS_ASSERTIONS = NO;
				ENABLE_STRICT_OBJC_MSGSEND = YES;
				GCC_C_LANGUAGE_STANDARD = gnu99;
				GCC_WARN_64_TO_32_BIT_CONVERSION = YES;
				GCC_WARN_ABOUT_RETURN_TYPE = YES_ERROR;
				GCC_WARN_UNDECLARED_SELECTOR = YES;
				GCC_WARN_UNINITIALIZED_AUTOS = YES_AGGRESSIVE;
				GCC_WARN_UNUSED_FUNCTION = YES;
				GCC_WARN_UNUSED_VARIABLE = YES;
				IPHONEOS_DEPLOYMENT_TARGET = 8.2;
				MTL_ENABLE_DEBUG_INFO = NO;
				SDKROOT = iphoneos;
				VALIDATE_PRODUCT = YES;
			};
			name = Distribution;
		};
		FB5A3AD41B5BDAD9006C03E4 /* Distribution */ = {
			isa = XCBuildConfiguration;
			buildSettings = {
				OTHER_LDFLAGS = "-ObjC";
				PRODUCT_NAME = "$(TARGET_NAME)";
				SKIP_INSTALL = YES;
				VALID_ARCHS = "armv7s arm64 armv7";
			};
			name = Distribution;
		};
/* End XCBuildConfiguration section */

/* Begin XCConfigurationList section */
		416A90301A342BED00087D36 /* Build configuration list for PBXProject "ASIHttpRequest" */ = {
			isa = XCConfigurationList;
			buildConfigurations = (
				416A90471A342BED00087D36 /* Debug */,
				416A90481A342BED00087D36 /* Release */,
				FB5A3AD31B5BDAD9006C03E4 /* Distribution */,
			);
			defaultConfigurationIsVisible = 0;
			defaultConfigurationName = Release;
		};
		416A90491A342BED00087D36 /* Build configuration list for PBXNativeTarget "ASIHttpRequest" */ = {
			isa = XCConfigurationList;
			buildConfigurations = (
				416A904A1A342BED00087D36 /* Debug */,
				416A904B1A342BED00087D36 /* Release */,
				FB5A3AD41B5BDAD9006C03E4 /* Distribution */,
			);
			defaultConfigurationIsVisible = 0;
			defaultConfigurationName = Release;
		};
/* End XCConfigurationList section */
	};
	rootObject = 416A902D1A342BED00087D36 /* Project object */;
}
